<?xml version="1.0" encoding="utf-8"?>
<Project ToolsVersion="4.0" xmlns="http://schemas.microsoft.com/developer/msbuild/2003">
  <ItemGroup>
    <Filter Include="源文件">
      <UniqueIdentifier>{4FC737F1-C7A5-4376-A066-2A32D752A2FF}</UniqueIdentifier>
      <Extensions>cpp;c;cc;cxx;def;odl;idl;hpj;bat;asm;asmx</Extensions>
    </Filter>
    <Filter Include="资源文件">
      <UniqueIdentifier>{67DA6AB6-F800-4c08-8B7A-83BB121AAD01}</UniqueIdentifier>
      <Extensions>rc;ico;cur;bmp;dlg;rc2;rct;bin;rgs;gif;jpg;jpeg;jpe;resx;tiff;tif;png;wav;mfcribbon-ms</Extensions>
    </Filter>
    <Filter Include="Content">
      <UniqueIdentifier>{19576ffe-f919-468f-985e-a3f0615bff99}</UniqueIdentifier>
    </Filter>
    <Filter Include="ForIO">
      <UniqueIdentifier>{b383ecae-793b-4f5f-b183-341e3edb4514}</UniqueIdentifier>
    </Filter>
    <Filter Include="HeadFile">
      <UniqueIdentifier>{93995380-89BD-4b04-88EB-625FBE52EBFB}</UniqueIdentifier>
      <Extensions>h;hh;hpp;hxx;hm;inl;inc;xsd</Extensions>
    </Filter>
  </ItemGroup>
  <ItemGroup>
    <Text Include="ReadMe.txt" />
  </ItemGroup>
  <ItemGroup>
    <ClInclude Include="stdafx.h">
      <Filter>HeadFile</Filter>
    </ClInclude>
    <ClInclude Include="targetver.h">
      <Filter>HeadFile</Filter>
    </ClInclude>
    <ClInclude Include="CVector3D.h">
      <Filter>ForIO</Filter>
    </ClInclude>
    <ClInclude Include="Indata.h">
      <Filter>ForIO</Filter>
    </ClInclude>
    <ClInclude Include="Outdata.h">
      <Filter>ForIO</Filter>
    </ClInclude>
    <ClInclude Include="divideStr.h">
      <Filter>ForIO</Filter>
    </ClInclude>
    <ClInclude Include="KnnSearch.h">
      <Filter>Content</Filter>
    </ClInclude>
    <ClInclude Include="Parameters.h">
      <Filter>ForIO</Filter>
    </ClInclude>
    <ClInclude Include="typesdef.h">
      <Filter>ForIO</Filter>
    </ClInclude>
    <ClInclude Include="BuildGrid.h">
      <Filter>Content</Filter>
    </ClInclude>
    <ClInclude Include="resource.h">
      <Filter>HeadFile</Filter>
    </ClInclude>
    <ClInclude Include="GraphcutSelect.h">
      <Filter>Content</Filter>
    </ClInclude>
    <ClInclude Include="FindLineRegionPts.h">
      <Filter>Content</Filter>
    </ClInclude>
  </ItemGroup>
  <ItemGroup>
    <ClCompile Include="stdafx.cpp">
      <Filter>源文件</Filter>
    </ClCompile>
    <ClCompile Include="GcoSketonLine.cpp">
      <Filter>源文件</Filter>
    </ClCompile>
    <ClCompile Include="CVector3D.cpp">
      <Filter>ForIO</Filter>
    </ClCompile>
    <ClCompile Include="Indata.cpp">
      <Filter>ForIO</Filter>
    </ClCompile>
    <ClCompile Include="Outdata.cpp">
      <Filter>ForIO</Filter>
    </ClCompile>
    <ClCompile Include="divideStr.cpp">
      <Filter>ForIO</Filter>
    </ClCompile>
    <ClCompile Include="KnnSearch.cpp">
      <Filter>Content</Filter>
    </ClCompile>
    <ClCompile Include="BuildGrid.cpp">
      <Filter>Content</Filter>
    </ClCompile>
    <ClCompile Include="GraphcutSelect.cpp">
      <Filter>Content</Filter>
    </ClCompile>
    <ClCompile Include="FindLineRegionPts.cpp">
      <Filter>Content</Filter>
    </ClCompile>
  </ItemGroup>
  <ItemGroup>
    <ResourceCompile Include="GcoSketonLine.rc">
      <Filter>资源文件</Filter>
    </ResourceCompile>
  </ItemGroup>
</Project>