<?xml version="1.0" encoding="utf-8"?>
<Project ToolsVersion="4.0" xmlns="http://schemas.microsoft.com/developer/msbuild/2003">
  <ItemGroup>
    <Filter Include="源文件">
      <UniqueIdentifier>{4FC737F1-C7A5-4376-A066-2A32D752A2FF}</UniqueIdentifier>
      <Extensions>cpp;c;cc;cxx;def;odl;idl;hpj;bat;asm;asmx</Extensions>
    </Filter>
    <Filter Include="头文件">
      <UniqueIdentifier>{93995380-89BD-4b04-88EB-625FBE52EBFB}</UniqueIdentifier>
      <Extensions>h;hh;hpp;hxx;hm;inl;inc;xsd</Extensions>
    </Filter>
    <Filter Include="资源文件">
      <UniqueIdentifier>{67DA6AB6-F800-4c08-8B7A-83BB121AAD01}</UniqueIdentifier>
      <Extensions>rc;ico;cur;bmp;dlg;rc2;rct;bin;rgs;gif;jpg;jpeg;jpe;resx;tiff;tif;png;wav;mfcribbon-ms</Extensions>
    </Filter>
    <Filter Include="Content">
      <UniqueIdentifier>{77c818f1-9fb7-4b7f-821b-21b51b24bb36}</UniqueIdentifier>
    </Filter>
    <Filter Include="ForIOdata">
      <UniqueIdentifier>{383f2f9d-0e98-4db6-a03b-5acb3b2de274}</UniqueIdentifier>
    </Filter>
  </ItemGroup>
  <ItemGroup>
    <Text Include="ReadMe.txt" />
  </ItemGroup>
  <ItemGroup>
    <ClInclude Include="stdafx.h">
      <Filter>头文件</Filter>
    </ClInclude>
    <ClInclude Include="targetver.h">
      <Filter>头文件</Filter>
    </ClInclude>
    <ClInclude Include="Indata.h">
      <Filter>ForIOdata</Filter>
    </ClInclude>
    <ClInclude Include="Outdata.h">
      <Filter>ForIOdata</Filter>
    </ClInclude>
    <ClInclude Include="DataClass.h">
      <Filter>ForIOdata</Filter>
    </ClInclude>
    <ClInclude Include="divideStr.h">
      <Filter>ForIOdata</Filter>
    </ClInclude>
    <ClInclude Include="CgetFacadeObj.h">
      <Filter>Content</Filter>
    </ClInclude>
    <ClInclude Include="CVector3D.h">
      <Filter>ForIOdata</Filter>
    </ClInclude>
    <ClInclude Include="LineFunctions.h">
      <Filter>Content</Filter>
    </ClInclude>
  </ItemGroup>
  <ItemGroup>
    <ClCompile Include="stdafx.cpp">
      <Filter>源文件</Filter>
    </ClCompile>
    <ClCompile Include="SkeletonLine2ObjModelLib.cpp">
      <Filter>源文件</Filter>
    </ClCompile>
    <ClCompile Include="Indata.cpp">
      <Filter>ForIOdata</Filter>
    </ClCompile>
    <ClCompile Include="Outdata.cpp">
      <Filter>ForIOdata</Filter>
    </ClCompile>
    <ClCompile Include="DataClass.cpp">
      <Filter>ForIOdata</Filter>
    </ClCompile>
    <ClCompile Include="divideStr.cpp">
      <Filter>ForIOdata</Filter>
    </ClCompile>
    <ClCompile Include="CgetFacadeObj.cpp">
      <Filter>Content</Filter>
    </ClCompile>
    <ClCompile Include="CVector3D.cpp">
      <Filter>ForIOdata</Filter>
    </ClCompile>
    <ClCompile Include="LineFunctions.cpp">
      <Filter>Content</Filter>
    </ClCompile>
  </ItemGroup>
</Project>